<?xml version="1.0" encoding="UTF-8" standalone="yes" ?>
<CodeBlocks_project_file>
	<FileVersion major="1" minor="6" />
	<Project>
		<Option title="nsfb-1.0.0" />
		<Option pch_mode="2" />
		<Option compiler="gcc" />
		<Build>
			<Target title="polystar">
				<Option output="/usr/local/lib/test" prefix_auto="1" extension_auto="1" />
				<Option working_dir="/usr/local/lib" />
				<Option object_output="obj/Debug/" />
				<Option type="1" />
				<Option compiler="gcc" />
				<Compiler>
					<Add option="-g" />
				</Compiler>
				<Linker>
					<Add option="-L/usr/local/lib" />
					<Add library="$(PROJECT_NAME)" />
				</Linker>
			</Target>
			<Target title="DLL">
				<Option platforms="Windows;" />
				<Option output="$(PROJECT_DIR)../../DLL/$(PROJECT_NAME).dll" imp_lib="$(TARGET_OUTPUT_DIR)$(TARGET_OUTPUT_BASENAME).a" def_file="$(TARGET_OUTPUT_DIR)$(TARGET_OUTPUT_BASENAME).def" prefix_auto="0" extension_auto="0" />
				<Option working_dir="$(PROJECT_DIR)../../DLL" />
				<Option object_output="obj/Debug/" />
				<Option type="3" />
				<Option compiler="gcc" />
				<Option createDefFile="1" />
				<Option createStaticLib="1" />
				<Compiler>
					<Add option="-g" />
					<Add directory="C:/msys64/mingw64/include/freetype2/" />
				</Compiler>
				<Linker>
					<Add library="kernel32" />
					<Add library="gdi32" />
					<Add library="freetype" />
				</Linker>
				<ExtraCommands>
					<Add before='$(CMD_CP)  $(PROJECT_DIR)..\libnsfb.h &quot;$(TARGET_COMPILER_DIR)include\&quot;' />
					<Add before='$(CMD_CP)  $(PROJECT_DIR)..\nsfbPlot.h &quot;$(TARGET_COMPILER_DIR)include\&quot;' />
					<Add before='$(CMD_CP)  $(PROJECT_DIR)..\libnsfb_cursor.h &quot;$(TARGET_COMPILER_DIR)include\&quot;' />
					<Mode after="always" />
				</ExtraCommands>
			</Target>
			<Target title="nsfb-X11">
				<Option platforms="Unix;" />
				<Option output="nsfb-X11.so" imp_lib="$(TARGET_OUTPUT_DIR)$(TARGET_OUTPUT_BASENAME).a" def_file="$(TARGET_OUTPUT_DIR)$(TARGET_OUTPUT_BASENAME).def" prefix_auto="0" extension_auto="0" />
				<Option object_output="obj/$(PLATFORM)" />
				<Option type="3" />
				<Option compiler="gcc" />
				<Option projectCompilerOptionsRelation="2" />
				<Compiler>
					<Add option="-g" />
					<Add option="-O0" />
				</Compiler>
				<Linker>
					<Add library="X11" />
					<Add library="dl" />
				</Linker>
				<ExtraCommands>
					<Add after="$(CMD_MV) $(TARGET_OUTPUT_FILE) /usr/local/lib/$(TARGET_OUTPUT_FILE)" />
					<Mode after="always" />
				</ExtraCommands>
			</Target>
			<Target title="nsfb-drm">
				<Option platforms="Unix;" />
				<Option output="nsfb" imp_lib="$(TARGET_OUTPUT_DIR)$(TARGET_OUTPUT_BASENAME).a" def_file="$(TARGET_OUTPUT_DIR)$(TARGET_OUTPUT_BASENAME).def" prefix_auto="1" extension_auto="1" />
				<Option object_output="obj/$(PLATFORM)" />
				<Option type="3" />
				<Option compiler="gcc" />
				<Compiler>
					<Add option="-g" />
					<Add option="-O0" />
				</Compiler>
				<ExtraCommands>
					<Add after="$(CMD_MV) $(TARGET_OUTPUT_FILE) /usr/local/lib/$(TARGET_OUTPUT_FILE)" />
					<Mode after="always" />
				</ExtraCommands>
			</Target>
			<Target title="nsfb-egl">
				<Option platforms="Unix;" />
				<Option output="nsfb" imp_lib="$(TARGET_OUTPUT_DIR)$(TARGET_OUTPUT_BASENAME).a" def_file="$(TARGET_OUTPUT_DIR)$(TARGET_OUTPUT_BASENAME).def" prefix_auto="1" extension_auto="1" />
				<Option object_output="obj/$(PLATFORM)" />
				<Option type="3" />
				<Option compiler="gcc" />
				<Compiler>
					<Add option="-g" />
					<Add option="-O0" />
				</Compiler>
				<ExtraCommands>
					<Add after="$(CMD_MV) $(TARGET_OUTPUT_FILE) /usr/local/lib/$(TARGET_OUTPUT_FILE)" />
					<Mode after="always" />
				</ExtraCommands>
			</Target>
			<Target title="polystar2">
				<Option output="/usr/local/lib/test" prefix_auto="1" extension_auto="1" />
				<Option working_dir="/usr/local/lib" />
				<Option object_output="obj/Debug/" />
				<Option type="1" />
				<Option compiler="gcc" />
				<Compiler>
					<Add option="-g" />
				</Compiler>
				<Linker>
					<Add option="-L/usr/local/lib" />
					<Add library="$(PROJECT_NAME)" />
				</Linker>
			</Target>
			<Target title="bitmap">
				<Option output="/usr/local/lib/test" prefix_auto="1" extension_auto="1" />
				<Option working_dir="$(PROJECT_DIR)../arena" />
				<Option object_output="obj/Debug/" />
				<Option type="1" />
				<Option compiler="gcc" />
				<Compiler>
					<Add option="-g" />
				</Compiler>
				<Linker>
					<Add option="-L/usr/local/lib" />
					<Add library="$(PROJECT_NAME)" />
					<Add library="m" />
				</Linker>
			</Target>
			<Target title="nsfb-svg">
				<Option output="/usr/local/bin/test" prefix_auto="0" extension_auto="0" />
				<Option working_dir="$(PROJECT_DIR)../arena" />
				<Option object_output="obj/$(PLATFORM)" />
				<Option type="1" />
				<Option compiler="gcc" />
				<Compiler>
					<Add option="-g" />
					<Add option="-O0" />
					<Add directory="/usr/include/libxml2" />
				</Compiler>
				<Linker>
					<Add library="m" />
					<Add library="xml2" />
					<Add library="nsfb" />
				</Linker>
			</Target>
			<Target title="testgif">
				<Option output="/usr/local/lib/test" prefix_auto="1" extension_auto="1" />
				<Option working_dir="$(PROJECT_DIR)../arena" />
				<Option object_output="obj/Debug/" />
				<Option type="1" />
				<Option compiler="gcc" />
				<Compiler>
					<Add option="-g" />
				</Compiler>
				<Linker>
					<Add option="-L/usr/local/lib" />
					<Add library="$(PROJECT_NAME)" />
					<Add library="m" />
					<Add library="gif" />
				</Linker>
			</Target>
			<Target title="nsfb-vga">
				<Option platforms="Unix;" />
				<Option output="nsfb-vga" imp_lib="$(TARGET_OUTPUT_DIR)$(TARGET_OUTPUT_BASENAME).a" def_file="$(TARGET_OUTPUT_DIR)$(TARGET_OUTPUT_BASENAME).def" prefix_auto="1" extension_auto="1" />
				<Option object_output="obj/$(PLATFORM)" />
				<Option type="3" />
				<Option compiler="gcc" />
				<Compiler>
					<Add option="-g" />
					<Add option="-O0" />
				</Compiler>
				<ExtraCommands>
					<Add after="$(CMD_MV) $(TARGET_OUTPUT_FILE) /usr/local/lib/$(TARGET_OUTPUT_FILE)" />
					<Mode after="always" />
				</ExtraCommands>
			</Target>
			<Environment>
				<Variable name="VERSION" value="1.0.0" />
			</Environment>
		</Build>
		<Compiler>
			<Add option="-Wall" />
			<Add option="-fPIC" />
			<Add option='-DVERSION=\&quot;1.0.0\&quot;' />
		</Compiler>
		<Linker>
			<Add directory="$(PROJECT_DIR)../../DLL" />
		</Linker>
		<Unit filename="../Makefile.am">
			<Option target="polystar" />
			<Option target="DLL" />
			<Option target="nsfb-X11" />
			<Option target="nsfb-drm" />
			<Option target="nsfb-egl" />
			<Option target="polystar2" />
			<Option target="bitmap" />
			<Option target="nsfb-svg" />
		</Unit>
		<Unit filename="../arena/Makefile.am">
			<Option target="polystar2" />
			<Option target="bitmap" />
			<Option target="nsfb-svg" />
			<Option target="testgif" />
		</Unit>
		<Unit filename="../arena/bitmap.c">
			<Option compilerVar="CC" />
			<Option target="bitmap" />
		</Unit>
		<Unit filename="../arena/nsglobe.c">
			<Option compilerVar="CC" />
			<Option target="bitmap" />
		</Unit>
		<Unit filename="../arena/polystar.c">
			<Option compilerVar="CC" />
			<Option target="polystar" />
		</Unit>
		<Unit filename="../arena/polystar2.c">
			<Option compilerVar="CC" />
			<Option target="polystar2" />
		</Unit>
		<Unit filename="../arena/testgif.c">
			<Option compilerVar="CC" />
			<Option target="testgif" />
		</Unit>
		<Unit filename="../arena/tspeed.c">
			<Option compilerVar="CC" />
			<Option target="&lt;{~None~}&gt;" />
		</Unit>
		<Unit filename="../configure.ac">
			<Option target="polystar" />
			<Option target="DLL" />
			<Option target="nsfb-X11" />
			<Option target="nsfb-drm" />
			<Option target="nsfb-egl" />
			<Option target="polystar2" />
			<Option target="bitmap" />
			<Option target="nsfb-svg" />
		</Unit>
		<Unit filename="../cursor.c">
			<Option compilerVar="CC" />
			<Option target="DLL" />
		</Unit>
		<Unit filename="../cursor.h">
			<Option target="DLL" />
			<Option target="nsfb-X11" />
			<Option target="nsfb-drm" />
			<Option target="nsfb-egl" />
			<Option target="nsfb-svg" />
		</Unit>
		<Unit filename="../dump.c">
			<Option compilerVar="CC" />
			<Option target="DLL" />
		</Unit>
		<Unit filename="../font_freetype.c">
			<Option compilerVar="CC" />
			<Option target="&lt;{~None~}&gt;" />
		</Unit>
		<Unit filename="../font_freetype.h">
			<Option target="DLL" />
		</Unit>
		<Unit filename="../img/bfind.c">
			<Option compilerVar="CC" />
			<Option target="DLL" />
		</Unit>
		<Unit filename="../img/dither.c">
			<Option compilerVar="CC" />
			<Option target="DLL" />
		</Unit>
		<Unit filename="../img/formats/cropgif.c">
			<Option compilerVar="CC" />
			<Option target="DLL" />
		</Unit>
		<Unit filename="../img/formats/mountgif.c">
			<Option compilerVar="CC" />
			<Option target="&lt;{~None~}&gt;" />
		</Unit>
		<Unit filename="../img/formats/rdbmp.c">
			<Option compilerVar="CC" />
			<Option target="&lt;{~None~}&gt;" />
		</Unit>
		<Unit filename="../img/formats/rdgif.c">
			<Option compilerVar="CC" />
			<Option target="&lt;{~None~}&gt;" />
		</Unit>
		<Unit filename="../img/formats/rdico.c">
			<Option compilerVar="CC" />
			<Option target="DLL" />
		</Unit>
		<Unit filename="../img/formats/rdjpeg.c">
			<Option compilerVar="CC" />
			<Option target="&lt;{~None~}&gt;" />
		</Unit>
		<Unit filename="../img/formats/rdpng.c">
			<Option compilerVar="CC" />
			<Option target="&lt;{~None~}&gt;" />
		</Unit>
		<Unit filename="../img/formats/rdppm.c">
			<Option compilerVar="CC" />
			<Option target="&lt;{~None~}&gt;" />
		</Unit>
		<Unit filename="../img/formats/rdrle.c">
			<Option compilerVar="CC" />
			<Option target="&lt;{~None~}&gt;" />
		</Unit>
		<Unit filename="../img/formats/rdsvg/color2.c">
			<Option compilerVar="CC" />
			<Option target="nsfb-svg" />
		</Unit>
		<Unit filename="../img/formats/rdsvg/gradient.c">
			<Option compilerVar="CC" />
			<Option target="nsfb-svg" />
		</Unit>
		<Unit filename="../img/formats/rdsvg/list.c">
			<Option compilerVar="CC" />
			<Option target="nsfb-svg" />
		</Unit>
		<Unit filename="../img/formats/rdsvg/rdsvg.c">
			<Option compilerVar="CC" />
			<Option target="nsfb-svg" />
		</Unit>
		<Unit filename="../img/formats/rdsvg/svgtiny.c">
			<Option compilerVar="CC" />
			<Option target="nsfb-svg" />
		</Unit>
		<Unit filename="../img/formats/rdsvg/svgtiny.h">
			<Option target="nsfb-svg" />
		</Unit>
		<Unit filename="../img/formats/rdsvg/svgtiny_internal.h">
			<Option target="nsfb-svg" />
		</Unit>
		<Unit filename="../img/formats/rdsvg/svgtiny_strings.h">
			<Option target="nsfb-svg" />
		</Unit>
		<Unit filename="../img/formats/rdsvg/xml2dom.c">
			<Option compilerVar="CC" />
			<Option target="nsfb-svg" />
		</Unit>
		<Unit filename="../img/formats/rdsvg/xml2dom.h">
			<Option target="nsfb-svg" />
		</Unit>
		<Unit filename="../img/formats/rdtarga.c">
			<Option compilerVar="CC" />
			<Option target="&lt;{~None~}&gt;" />
		</Unit>
		<Unit filename="../img/formats/rdxpm.c">
			<Option compilerVar="CC" />
			<Option target="DLL" />
		</Unit>
		<Unit filename="../img/freetype.c">
			<Option compilerVar="CC" />
			<Option target="DLL" />
		</Unit>
		<Unit filename="../img/icons.c">
			<Option compilerVar="CC" />
			<Option target="DLL" />
		</Unit>
		<Unit filename="../img/images.h">
			<Option target="DLL" />
		</Unit>
		<Unit filename="../img/parsec.c">
			<Option compilerVar="CC" />
			<Option target="DLL" />
		</Unit>
		<Unit filename="../img/printer.c">
			<Option compilerVar="CC" />
			<Option target="DLL" />
		</Unit>
		<Unit filename="../img/resize.c">
			<Option compilerVar="CC" />
			<Option target="DLL" />
		</Unit>
		<Unit filename="../img/vectors.c">
			<Option compilerVar="CC" />
			<Option target="DLL" />
		</Unit>
		<Unit filename="../libnsfb.c">
			<Option compilerVar="CC" />
			<Option target="DLL" />
		</Unit>
		<Unit filename="../libnsfb.h">
			<Option target="DLL" />
			<Option target="nsfb-X11" />
			<Option target="nsfb-drm" />
			<Option target="nsfb-egl" />
			<Option target="nsfb-svg" />
		</Unit>
		<Unit filename="../libnsfb.pc.in">
			<Option target="DLL" />
		</Unit>
		<Unit filename="../libnsfb_cursor.h">
			<Option target="DLL" />
		</Unit>
		<Unit filename="../libnsfb_plot_util.h">
			<Option target="DLL" />
		</Unit>
		<Unit filename="../nsfb.h">
			<Option target="DLL" />
			<Option target="nsfb-X11" />
			<Option target="nsfb-drm" />
			<Option target="nsfb-egl" />
			<Option target="nsfb-svg" />
		</Unit>
		<Unit filename="../nsfbPlot.h">
			<Option target="DLL" />
		</Unit>
		<Unit filename="../palette.c">
			<Option compilerVar="CC" />
			<Option target="DLL" />
		</Unit>
		<Unit filename="../palette.h">
			<Option target="DLL" />
		</Unit>
		<Unit filename="../plot.h">
			<Option target="DLL" />
		</Unit>
		<Unit filename="../plot/16bpp.c">
			<Option compilerVar="CC" />
			<Option target="DLL" />
		</Unit>
		<Unit filename="../plot/1bpp.c">
			<Option compilerVar="CC" />
			<Option target="&lt;{~None~}&gt;" />
		</Unit>
		<Unit filename="../plot/24bpp.c">
			<Option compilerVar="CC" />
			<Option target="DLL" />
		</Unit>
		<Unit filename="../plot/32bpp-common.c">
			<Option compilerVar="CC" />
			<Option target="&lt;{~None~}&gt;" />
		</Unit>
		<Unit filename="../plot/32bpp-xbgr8888.c">
			<Option compilerVar="CC" />
			<Option target="DLL" />
		</Unit>
		<Unit filename="../plot/32bpp-xrgb8888.c">
			<Option compilerVar="CC" />
			<Option target="DLL" />
		</Unit>
		<Unit filename="../plot/8bpp.c">
			<Option compilerVar="CC" />
			<Option target="DLL" />
		</Unit>
		<Unit filename="../plot/api.c">
			<Option compilerVar="CC" />
			<Option target="DLL" />
		</Unit>
		<Unit filename="../plot/common.c">
			<Option compilerVar="CC" />
			<Option target="&lt;{~None~}&gt;" />
		</Unit>
		<Unit filename="../plot/generic.c">
			<Option compilerVar="CC" />
			<Option target="DLL" />
		</Unit>
		<Unit filename="../plot/util.c">
			<Option compilerVar="CC" />
			<Option target="DLL" />
		</Unit>
		<Unit filename="../plot/w32.c">
			<Option compilerVar="CC" />
			<Option target="DLL" />
		</Unit>
		<Unit filename="../plot/x11.c">
			<Option compilerVar="CC" />
			<Option target="nsfb-X11" />
		</Unit>
		<Unit filename="../plot_style.h">
			<Option target="DLL" />
		</Unit>
		<Unit filename="../src/pointers.c">
			<Option compilerVar="CC" />
			<Option target="DLL" />
		</Unit>
		<Unit filename="../surface.h">
			<Option target="DLL" />
			<Option target="nsfb-X11" />
			<Option target="nsfb-drm" />
			<Option target="nsfb-egl" />
			<Option target="nsfb-svg" />
		</Unit>
		<Unit filename="../surface/drm.c">
			<Option compilerVar="CC" />
			<Option compile="0" />
			<Option link="0" />
			<Option target="&lt;{~None~}&gt;" />
		</Unit>
		<Unit filename="../surface/linux.c">
			<Option compilerVar="CC" />
			<Option target="nsfb-vga" />
		</Unit>
		<Unit filename="../surface/ram.c">
			<Option compilerVar="CC" />
			<Option target="DLL" />
		</Unit>
		<Unit filename="../surface/surface.c">
			<Option compilerVar="CC" />
			<Option target="DLL" />
		</Unit>
		<Unit filename="../surface/uterm_drm3d_internal.h">
			<Option target="&lt;{~None~}&gt;" />
		</Unit>
		<Unit filename="../surface/uterm_drm3d_render.c">
			<Option compilerVar="CC" />
			<Option target="&lt;{~None~}&gt;" />
		</Unit>
		<Unit filename="../surface/uterm_drm3d_video.c">
			<Option compilerVar="CC" />
			<Option target="&lt;{~None~}&gt;" />
		</Unit>
		<Unit filename="../surface/vnc.c">
			<Option compilerVar="CC" />
			<Option target="DLL" />
		</Unit>
		<Unit filename="../surface/vt.c">
			<Option compilerVar="CC" />
			<Option target="&lt;{~None~}&gt;" />
		</Unit>
		<Unit filename="../surface/w32.c">
			<Option compilerVar="CC" />
			<Option target="DLL" />
		</Unit>
		<Unit filename="../surface/x11.c">
			<Option compilerVar="CC" />
			<Option target="nsfb-X11" />
		</Unit>
		<Unit filename="../w32.h">
			<Option target="&lt;{~None~}&gt;" />
		</Unit>
		<Unit filename="../x11.h">
			<Option target="nsfb-X11" />
		</Unit>
		<Extensions>
			<lib_finder disable_auto="1" />
		</Extensions>
	</Project>
</CodeBlocks_project_file>
